
Microsoft Visual Studio Solution File, Format Version 12.00
# Visual Studio Version 16
VisualStudioVersion = 25.0.1704.0
MinimumVisualStudioVersion = 10.0.40219.1
Project("{FAE04EC0-301F-11D3-BF4B-00C04F79EFBC}") = "CashOutflow", "CashOutflow\CashOutflow.csproj", "{C0E123E8-B329-4C01-A9AF-4A13807C703B}"
EndProject
Global
	GlobalSection(SolutionConfigurationPlatforms) = preSolution
		Debug|Any CPU = Debug|Any CPU
		Release|Any CPU = Release|Any CPU
	EndGlobalSection
	GlobalSection(ProjectConfigurationPlatforms) = postSolution
		{C0E123E8-B329-4C01-A9AF-4A13807C703B}.Debug|Any CPU.ActiveCfg = Debug|Any CPU
		{C0E123E8-B329-4C01-A9AF-4A13807C703B}.Debug|Any CPU.Build.0 = Debug|Any CPU
		{C0E123E8-B329-4C01-A9AF-4A13807C703B}.Release|Any CPU.ActiveCfg = Release|Any CPU
		{C0E123E8-B329-4C01-A9AF-4A13807C703B}.Release|Any CPU.Build.0 = Release|Any CPU
	EndGlobalSection
	GlobalSection(SolutionProperties) = preSolution
		HideSolutionNode = FALSE
	EndGlobalSection
	GlobalSection(ExtensibilityGlobals) = postSolution
		SolutionGuid = {FD155737-13A8-48D5-B180-7B984209E779}
	EndGlobalSection
EndGlobal
